
Microsoft Visual Studio Solution File, Format Version 12.00
# Visual Studio 15
Project("{FAE04EC0-301F-11D3-BF4B-00C04F79EFBC}") = "Unity.AdaptivePerformance", "Unity.AdaptivePerformance.csproj", "{DC847B27-1399-9A4C-417B-F303F2792091}"
EndProject
Project("{FAE04EC0-301F-11D3-BF4B-00C04F79EFBC}") = "UnityEngine.TestRunner", "UnityEngine.TestRunner.csproj", "{2DFD7510-2CDD-CC4C-ED99-B14EB771AA59}"
EndProject
Project("{FAE04EC0-301F-11D3-BF4B-00C04F79EFBC}") = "Unity.VisualScripting.Flow", "Unity.VisualScripting.Flow.csproj", "{853EA589-0E0A-E3C3-941A-3DF3B9168687}"
EndProject
Project("{FAE04EC0-301F-11D3-BF4B-00C04F79EFBC}") = "Assembly-CSharp", "Assembly-CSharp.csproj", "{166411C4-CB67-9C83-F662-7113D4CDA6F7}"
EndProject
Project("{FAE04EC0-301F-11D3-BF4B-00C04F79EFBC}") = "Unity.VisualScripting.State", "Unity.VisualScripting.State.csproj", "{D9D5DC4B-A356-64A1-7451-07E586226009}"
EndProject
Project("{FAE04EC0-301F-11D3-BF4B-00C04F79EFBC}") = "Unity.VisualScripting.Core", "Unity.VisualScripting.Core.csproj", "{F617E72C-5E74-FEF2-9C52-974E0E0BFC25}"
EndProject
Project("{FAE04EC0-301F-11D3-BF4B-00C04F79EFBC}") = "Unity.TextMeshPro", "Unity.TextMeshPro.csproj", "{013AA461-4BA9-E592-1F51-0F4E17C05536}"
EndProject
Project("{FAE04EC0-301F-11D3-BF4B-00C04F79EFBC}") = "Unity.Timeline", "Unity.Timeline.csproj", "{158BD2F7-1235-B774-369E-02C3F3C93CAC}"
EndProject
Project("{FAE04EC0-301F-11D3-BF4B-00C04F79EFBC}") = "Unity.Notifications.Android", "Unity.Notifications.Android.csproj", "{F66F9BCB-1182-2E3F-DEC3-509D4A1FD775}"
EndProject
Project("{FAE04EC0-301F-11D3-BF4B-00C04F79EFBC}") = "Unity.Notifications.iOS", "Unity.Notifications.iOS.csproj", "{21520E7A-7E3D-3D53-F574-F50D982C4F46}"
EndProject
Project("{FAE04EC0-301F-11D3-BF4B-00C04F79EFBC}") = "Unity.AdaptivePerformance.Samsung.Android", "Unity.AdaptivePerformance.Samsung.Android.csproj", "{C286D440-23BF-02EE-0B7D-1B8993ABC727}"
EndProject
Project("{FAE04EC0-301F-11D3-BF4B-00C04F79EFBC}") = "Unity.AdaptivePerformance.Google.Android", "Unity.AdaptivePerformance.Google.Android.csproj", "{3BF54773-C652-A9AC-AA0B-8AC73FC7B8E9}"
EndProject
Project("{FAE04EC0-301F-11D3-BF4B-00C04F79EFBC}") = "Unity.Profiling.Core", "Unity.Profiling.Core.csproj", "{DB3FCFD2-C1C1-A344-91F1-5BC651B392E2}"
EndProject
Project("{FAE04EC0-301F-11D3-BF4B-00C04F79EFBC}") = "Unity.PlasticSCM.Editor", "Unity.PlasticSCM.Editor.csproj", "{63E8532A-C9D4-3520-C66E-7279A78A2205}"
EndProject
Project("{FAE04EC0-301F-11D3-BF4B-00C04F79EFBC}") = "Unity.VisualScripting.Core.Editor", "Unity.VisualScripting.Core.Editor.csproj", "{64A4BD7B-5571-0D64-88CD-BF603BC0992D}"
EndProject
Project("{FAE04EC0-301F-11D3-BF4B-00C04F79EFBC}") = "Unity.VisualScripting.Flow.Editor", "Unity.VisualScripting.Flow.Editor.csproj", "{E360853F-85B3-A63D-DB1F-FF3A911568EF}"
EndProject
Project("{FAE04EC0-301F-11D3-BF4B-00C04F79EFBC}") = "Unity.VisualStudio.Editor", "Unity.VisualStudio.Editor.csproj", "{1B107F12-4DB5-A6A6-4E34-7E81F271655F}"
EndProject
Project("{FAE04EC0-301F-11D3-BF4B-00C04F79EFBC}") = "Unity.Timeline.Editor", "Unity.Timeline.Editor.csproj", "{603CB7DB-AEF8-937A-AEC2-D0F3BE5952D9}"
EndProject
Project("{FAE04EC0-301F-11D3-BF4B-00C04F79EFBC}") = "Unity.VisualScripting.State.Editor", "Unity.VisualScripting.State.Editor.csproj", "{085BAA04-8C75-78B0-3F00-D37C5B2276FB}"
EndProject
Project("{FAE04EC0-301F-11D3-BF4B-00C04F79EFBC}") = "Unity.TextMeshPro.Editor", "Unity.TextMeshPro.Editor.csproj", "{6C8F5F7F-873F-5149-3B56-462C92887866}"
EndProject
Project("{FAE04EC0-301F-11D3-BF4B-00C04F79EFBC}") = "Unity.AdaptivePerformance.Simulator.Editor", "Unity.AdaptivePerformance.Simulator.Editor.csproj", "{853BDCED-C90E-F65B-6414-3D26E4A3ACEB}"
EndProject
Project("{FAE04EC0-301F-11D3-BF4B-00C04F79EFBC}") = "Unity.VisualScripting.SettingsProvider.Editor", "Unity.VisualScripting.SettingsProvider.Editor.csproj", "{A2B057A9-3AF0-290C-04CB-0DEA41FB03BD}"
EndProject
Project("{FAE04EC0-301F-11D3-BF4B-00C04F79EFBC}") = "UnityEditor.TestRunner", "UnityEditor.TestRunner.csproj", "{E4EED7B6-B6C1-1CE3-47E2-6C5F6FDD3FD6}"
EndProject
Project("{FAE04EC0-301F-11D3-BF4B-00C04F79EFBC}") = "Unity.Mobile.AndroidLogcat.Editor", "Unity.Mobile.AndroidLogcat.Editor.csproj", "{43682334-2770-9CFF-8C02-CFBCE317E82A}"
EndProject
Project("{FAE04EC0-301F-11D3-BF4B-00C04F79EFBC}") = "Unity.Rider.Editor", "Unity.Rider.Editor.csproj", "{45205BF4-DCB0-CA72-A344-18435A820031}"
EndProject
Project("{FAE04EC0-301F-11D3-BF4B-00C04F79EFBC}") = "Unity.VSCode.Editor", "Unity.VSCode.Editor.csproj", "{AAEF8DEA-58F6-FAF7-5771-011670B49F4A}"
EndProject
Project("{FAE04EC0-301F-11D3-BF4B-00C04F79EFBC}") = "Unity.Notifications", "Unity.Notifications.csproj", "{64E506EC-0FDE-4A55-3316-2B38020783B5}"
EndProject
Project("{FAE04EC0-301F-11D3-BF4B-00C04F79EFBC}") = "Unity.AdaptivePerformance.Samsung.Android.Editor", "Unity.AdaptivePerformance.Samsung.Android.Editor.csproj", "{FE47E6CD-4A4C-DF1D-B456-C73A0D4AC7D5}"
EndProject
Project("{FAE04EC0-301F-11D3-BF4B-00C04F79EFBC}") = "Unity.CollabProxy.Editor", "Unity.CollabProxy.Editor.csproj", "{C7C52F8E-E080-7DAB-B200-7A02F10298BA}"
EndProject
Project("{FAE04EC0-301F-11D3-BF4B-00C04F79EFBC}") = "Unity.AdaptivePerformance.Editor", "Unity.AdaptivePerformance.Editor.csproj", "{7F7C7342-7F46-A0A4-E259-C052D63526F6}"
EndProject
Project("{FAE04EC0-301F-11D3-BF4B-00C04F79EFBC}") = "Unity.AdaptivePerformance.Simulator.VRR.Extension", "Unity.AdaptivePerformance.Simulator.VRR.Extension.csproj", "{702EE8F2-8F1B-BC6B-47A8-3D02A04F6276}"
EndProject
Project("{FAE04EC0-301F-11D3-BF4B-00C04F79EFBC}") = "Assembly-CSharp-Editor", "Assembly-CSharp-Editor.csproj", "{75F9CF3D-3CB2-EB34-7FBD-96EC55D9544D}"
EndProject
Project("{FAE04EC0-301F-11D3-BF4B-00C04F79EFBC}") = "Unity.VisualScripting.Shared.Editor", "Unity.VisualScripting.Shared.Editor.csproj", "{214620D4-C5A1-CE49-5B1E-DF9854751539}"
EndProject
Project("{FAE04EC0-301F-11D3-BF4B-00C04F79EFBC}") = "Unity.AdaptivePerformance.Simulator.Extension", "Unity.AdaptivePerformance.Simulator.Extension.csproj", "{4A8051D6-70FB-8595-BE52-36A3E768E573}"
EndProject
Project("{FAE04EC0-301F-11D3-BF4B-00C04F79EFBC}") = "Unity.AdaptivePerformance.Google.Android.Editor", "Unity.AdaptivePerformance.Google.Android.Editor.csproj", "{B5578082-2A4D-1DAD-F359-AABC29F20E86}"
EndProject
Project("{FAE04EC0-301F-11D3-BF4B-00C04F79EFBC}") = "Unity.AdaptivePerformance.UI.Editor", "Unity.AdaptivePerformance.UI.Editor.csproj", "{447C64D1-B20E-047C-79B5-D0643BB00203}"
EndProject
Project("{FAE04EC0-301F-11D3-BF4B-00C04F79EFBC}") = "Unity.AdaptivePerformance.Simulator.Google.Extension", "Unity.AdaptivePerformance.Simulator.Google.Extension.csproj", "{CFEAA993-998E-CBE9-C8F7-A111D27B923A}"
EndProject
Project("{FAE04EC0-301F-11D3-BF4B-00C04F79EFBC}") = "Unity.AdaptivePerformance.Profiler.Editor", "Unity.AdaptivePerformance.Profiler.Editor.csproj", "{6FB78172-CDE9-4C7A-7A4D-EF0AFF282385}"
EndProject
Project("{FAE04EC0-301F-11D3-BF4B-00C04F79EFBC}") = "Unity.AdaptivePerformance", "Unity.AdaptivePerformance.Player.csproj", "{4EA1969F-86BE-8366-3D62-FB36CEA3B721}"
EndProject
Project("{FAE04EC0-301F-11D3-BF4B-00C04F79EFBC}") = "UnityEngine.TestRunner", "UnityEngine.TestRunner.Player.csproj", "{06042EAE-90AC-4E74-97E6-5EAD985B7337}"
EndProject
Project("{FAE04EC0-301F-11D3-BF4B-00C04F79EFBC}") = "Unity.VisualScripting.Flow", "Unity.VisualScripting.Flow.Player.csproj", "{2E5B926B-7DCD-26C6-A7E2-6D2474C01C0E}"
EndProject
Project("{FAE04EC0-301F-11D3-BF4B-00C04F79EFBC}") = "Assembly-CSharp", "Assembly-CSharp.Player.csproj", "{2C7BCDCF-3805-EAF8-8B6F-3F1B28D36DF5}"
EndProject
Project("{FAE04EC0-301F-11D3-BF4B-00C04F79EFBC}") = "Unity.VisualScripting.State", "Unity.VisualScripting.State.Player.csproj", "{8D4CBF3F-E948-C1C5-3708-DEA3AC3BAE79}"
EndProject
Project("{FAE04EC0-301F-11D3-BF4B-00C04F79EFBC}") = "Unity.VisualScripting.Core", "Unity.VisualScripting.Core.Player.csproj", "{EE483F8F-FCD7-B361-8621-D1E1FE75685D}"
EndProject
Project("{FAE04EC0-301F-11D3-BF4B-00C04F79EFBC}") = "Unity.TextMeshPro", "Unity.TextMeshPro.Player.csproj", "{F67AAAE1-28A4-F7A3-1694-C938DD88D856}"
EndProject
Project("{FAE04EC0-301F-11D3-BF4B-00C04F79EFBC}") = "Unity.Timeline", "Unity.Timeline.Player.csproj", "{0F530FF4-3C74-D9AB-53F4-70B4C68A1503}"
EndProject
Project("{FAE04EC0-301F-11D3-BF4B-00C04F79EFBC}") = "Unity.Notifications.Android", "Unity.Notifications.Android.Player.csproj", "{B12A8683-FD11-51C6-35D1-8864F57F88FF}"
EndProject
Project("{FAE04EC0-301F-11D3-BF4B-00C04F79EFBC}") = "Unity.AdaptivePerformance.Samsung.Android", "Unity.AdaptivePerformance.Samsung.Android.Player.csproj", "{744D28BB-2A68-5B30-3B00-29AF34A27810}"
EndProject
Project("{FAE04EC0-301F-11D3-BF4B-00C04F79EFBC}") = "Unity.AdaptivePerformance.Google.Android", "Unity.AdaptivePerformance.Google.Android.Player.csproj", "{0998D93B-444E-822F-B6BF-CF14153C1131}"
EndProject
Project("{FAE04EC0-301F-11D3-BF4B-00C04F79EFBC}") = "Unity.Profiling.Core", "Unity.Profiling.Core.Player.csproj", "{9A5AEA12-DB4A-4D62-D9E7-F30A149D76C7}"
EndProject
Global
	GlobalSection(SolutionConfigurationPlatforms) = preSolution
		Debug|Any CPU = Debug|Any CPU
		Release|Any CPU = Release|Any CPU
	EndGlobalSection
	GlobalSection(ProjectConfigurationPlatforms) = postSolution
		{DC847B27-1399-9A4C-417B-F303F2792091}.Debug|Any CPU.ActiveCfg = Debug|Any CPU
		{DC847B27-1399-9A4C-417B-F303F2792091}.Debug|Any CPU.Build.0 = Debug|Any CPU
		{DC847B27-1399-9A4C-417B-F303F2792091}.Release|Any CPU.ActiveCfg = Release|Any CPU
		{DC847B27-1399-9A4C-417B-F303F2792091}.Release|Any CPU.Build.0 = Release|Any CPU
		{2DFD7510-2CDD-CC4C-ED99-B14EB771AA59}.Debug|Any CPU.ActiveCfg = Debug|Any CPU
		{2DFD7510-2CDD-CC4C-ED99-B14EB771AA59}.Debug|Any CPU.Build.0 = Debug|Any CPU
		{2DFD7510-2CDD-CC4C-ED99-B14EB771AA59}.Release|Any CPU.ActiveCfg = Release|Any CPU
		{2DFD7510-2CDD-CC4C-ED99-B14EB771AA59}.Release|Any CPU.Build.0 = Release|Any CPU
		{853EA589-0E0A-E3C3-941A-3DF3B9168687}.Debug|Any CPU.ActiveCfg = Debug|Any CPU
		{853EA589-0E0A-E3C3-941A-3DF3B9168687}.Debug|Any CPU.Build.0 = Debug|Any CPU
		{853EA589-0E0A-E3C3-941A-3DF3B9168687}.Release|Any CPU.ActiveCfg = Release|Any CPU
		{853EA589-0E0A-E3C3-941A-3DF3B9168687}.Release|Any CPU.Build.0 = Release|Any CPU
		{166411C4-CB67-9C83-F662-7113D4CDA6F7}.Debug|Any CPU.ActiveCfg = Debug|Any CPU
		{166411C4-CB67-9C83-F662-7113D4CDA6F7}.Debug|Any CPU.Build.0 = Debug|Any CPU
		{166411C4-CB67-9C83-F662-7113D4CDA6F7}.Release|Any CPU.ActiveCfg = Release|Any CPU
		{166411C4-CB67-9C83-F662-7113D4CDA6F7}.Release|Any CPU.Build.0 = Release|Any CPU
		{D9D5DC4B-A356-64A1-7451-07E586226009}.Debug|Any CPU.ActiveCfg = Debug|Any CPU
		{D9D5DC4B-A356-64A1-7451-07E586226009}.Debug|Any CPU.Build.0 = Debug|Any CPU
		{D9D5DC4B-A356-64A1-7451-07E586226009}.Release|Any CPU.ActiveCfg = Release|Any CPU
		{D9D5DC4B-A356-64A1-7451-07E586226009}.Release|Any CPU.Build.0 = Release|Any CPU
		{F617E72C-5E74-FEF2-9C52-974E0E0BFC25}.Debug|Any CPU.ActiveCfg = Debug|Any CPU
		{F617E72C-5E74-FEF2-9C52-974E0E0BFC25}.Debug|Any CPU.Build.0 = Debug|Any CPU
		{F617E72C-5E74-FEF2-9C52-974E0E0BFC25}.Release|Any CPU.ActiveCfg = Release|Any CPU
		{F617E72C-5E74-FEF2-9C52-974E0E0BFC25}.Release|Any CPU.Build.0 = Release|Any CPU
		{013AA461-4BA9-E592-1F51-0F4E17C05536}.Debug|Any CPU.ActiveCfg = Debug|Any CPU
		{013AA461-4BA9-E592-1F51-0F4E17C05536}.Debug|Any CPU.Build.0 = Debug|Any CPU
		{013AA461-4BA9-E592-1F51-0F4E17C05536}.Release|Any CPU.ActiveCfg = Release|Any CPU
		{013AA461-4BA9-E592-1F51-0F4E17C05536}.Release|Any CPU.Build.0 = Release|Any CPU
		{158BD2F7-1235-B774-369E-02C3F3C93CAC}.Debug|Any CPU.ActiveCfg = Debug|Any CPU
		{158BD2F7-1235-B774-369E-02C3F3C93CAC}.Debug|Any CPU.Build.0 = Debug|Any CPU
		{158BD2F7-1235-B774-369E-02C3F3C93CAC}.Release|Any CPU.ActiveCfg = Release|Any CPU
		{158BD2F7-1235-B774-369E-02C3F3C93CAC}.Release|Any CPU.Build.0 = Release|Any CPU
		{F66F9BCB-1182-2E3F-DEC3-509D4A1FD775}.Debug|Any CPU.ActiveCfg = Debug|Any CPU
		{F66F9BCB-1182-2E3F-DEC3-509D4A1FD775}.Debug|Any CPU.Build.0 = Debug|Any CPU
		{F66F9BCB-1182-2E3F-DEC3-509D4A1FD775}.Release|Any CPU.ActiveCfg = Release|Any CPU
		{F66F9BCB-1182-2E3F-DEC3-509D4A1FD775}.Release|Any CPU.Build.0 = Release|Any CPU
		{21520E7A-7E3D-3D53-F574-F50D982C4F46}.Debug|Any CPU.ActiveCfg = Debug|Any CPU
		{21520E7A-7E3D-3D53-F574-F50D982C4F46}.Debug|Any CPU.Build.0 = Debug|Any CPU
		{21520E7A-7E3D-3D53-F574-F50D982C4F46}.Release|Any CPU.ActiveCfg = Release|Any CPU
		{21520E7A-7E3D-3D53-F574-F50D982C4F46}.Release|Any CPU.Build.0 = Release|Any CPU
		{C286D440-23BF-02EE-0B7D-1B8993ABC727}.Debug|Any CPU.ActiveCfg = Debug|Any CPU
		{C286D440-23BF-02EE-0B7D-1B8993ABC727}.Debug|Any CPU.Build.0 = Debug|Any CPU
		{C286D440-23BF-02EE-0B7D-1B8993ABC727}.Release|Any CPU.ActiveCfg = Release|Any CPU
		{C286D440-23BF-02EE-0B7D-1B8993ABC727}.Release|Any CPU.Build.0 = Release|Any CPU
		{3BF54773-C652-A9AC-AA0B-8AC73FC7B8E9}.Debug|Any CPU.ActiveCfg = Debug|Any CPU
		{3BF54773-C652-A9AC-AA0B-8AC73FC7B8E9}.Debug|Any CPU.Build.0 = Debug|Any CPU
		{3BF54773-C652-A9AC-AA0B-8AC73FC7B8E9}.Release|Any CPU.ActiveCfg = Release|Any CPU
		{3BF54773-C652-A9AC-AA0B-8AC73FC7B8E9}.Release|Any CPU.Build.0 = Release|Any CPU
		{DB3FCFD2-C1C1-A344-91F1-5BC651B392E2}.Debug|Any CPU.ActiveCfg = Debug|Any CPU
		{DB3FCFD2-C1C1-A344-91F1-5BC651B392E2}.Debug|Any CPU.Build.0 = Debug|Any CPU
		{DB3FCFD2-C1C1-A344-91F1-5BC651B392E2}.Release|Any CPU.ActiveCfg = Release|Any CPU
		{DB3FCFD2-C1C1-A344-91F1-5BC651B392E2}.Release|Any CPU.Build.0 = Release|Any CPU
		{63E8532A-C9D4-3520-C66E-7279A78A2205}.Debug|Any CPU.ActiveCfg = Debug|Any CPU
		{63E8532A-C9D4-3520-C66E-7279A78A2205}.Debug|Any CPU.Build.0 = Debug|Any CPU
		{63E8532A-C9D4-3520-C66E-7279A78A2205}.Release|Any CPU.ActiveCfg = Release|Any CPU
		{63E8532A-C9D4-3520-C66E-7279A78A2205}.Release|Any CPU.Build.0 = Release|Any CPU
		{64A4BD7B-5571-0D64-88CD-BF603BC0992D}.Debug|Any CPU.ActiveCfg = Debug|Any CPU
		{64A4BD7B-5571-0D64-88CD-BF603BC0992D}.Debug|Any CPU.Build.0 = Debug|Any CPU
		{64A4BD7B-5571-0D64-88CD-BF603BC0992D}.Release|Any CPU.ActiveCfg = Release|Any CPU
		{64A4BD7B-5571-0D64-88CD-BF603BC0992D}.Release|Any CPU.Build.0 = Release|Any CPU
		{E360853F-85B3-A63D-DB1F-FF3A911568EF}.Debug|Any CPU.ActiveCfg = Debug|Any CPU
		{E360853F-85B3-A63D-DB1F-FF3A911568EF}.Debug|Any CPU.Build.0 = Debug|Any CPU
		{E360853F-85B3-A63D-DB1F-FF3A911568EF}.Release|Any CPU.ActiveCfg = Release|Any CPU
		{E360853F-85B3-A63D-DB1F-FF3A911568EF}.Release|Any CPU.Build.0 = Release|Any CPU
		{1B107F12-4DB5-A6A6-4E34-7E81F271655F}.Debug|Any CPU.ActiveCfg = Debug|Any CPU
		{1B107F12-4DB5-A6A6-4E34-7E81F271655F}.Debug|Any CPU.Build.0 = Debug|Any CPU
		{1B107F12-4DB5-A6A6-4E34-7E81F271655F}.Release|Any CPU.ActiveCfg = Release|Any CPU
		{1B107F12-4DB5-A6A6-4E34-7E81F271655F}.Release|Any CPU.Build.0 = Release|Any CPU
		{603CB7DB-AEF8-937A-AEC2-D0F3BE5952D9}.Debug|Any CPU.ActiveCfg = Debug|Any CPU
		{603CB7DB-AEF8-937A-AEC2-D0F3BE5952D9}.Debug|Any CPU.Build.0 = Debug|Any CPU
		{603CB7DB-AEF8-937A-AEC2-D0F3BE5952D9}.Release|Any CPU.ActiveCfg = Release|Any CPU
		{603CB7DB-AEF8-937A-AEC2-D0F3BE5952D9}.Release|Any CPU.Build.0 = Release|Any CPU
		{085BAA04-8C75-78B0-3F00-D37C5B2276FB}.Debug|Any CPU.ActiveCfg = Debug|Any CPU
		{085BAA04-8C75-78B0-3F00-D37C5B2276FB}.Debug|Any CPU.Build.0 = Debug|Any CPU
		{085BAA04-8C75-78B0-3F00-D37C5B2276FB}.Release|Any CPU.ActiveCfg = Release|Any CPU
		{085BAA04-8C75-78B0-3F00-D37C5B2276FB}.Release|Any CPU.Build.0 = Release|Any CPU
		{6C8F5F7F-873F-5149-3B56-462C92887866}.Debug|Any CPU.ActiveCfg = Debug|Any CPU
		{6C8F5F7F-873F-5149-3B56-462C92887866}.Debug|Any CPU.Build.0 = Debug|Any CPU
		{6C8F5F7F-873F-5149-3B56-462C92887866}.Release|Any CPU.ActiveCfg = Release|Any CPU
		{6C8F5F7F-873F-5149-3B56-462C92887866}.Release|Any CPU.Build.0 = Release|Any CPU
		{853BDCED-C90E-F65B-6414-3D26E4A3ACEB}.Debug|Any CPU.ActiveCfg = Debug|Any CPU
		{853BDCED-C90E-F65B-6414-3D26E4A3ACEB}.Debug|Any CPU.Build.0 = Debug|Any CPU
		{853BDCED-C90E-F65B-6414-3D26E4A3ACEB}.Release|Any CPU.ActiveCfg = Release|Any CPU
		{853BDCED-C90E-F65B-6414-3D26E4A3ACEB}.Release|Any CPU.Build.0 = Release|Any CPU
		{A2B057A9-3AF0-290C-04CB-0DEA41FB03BD}.Debug|Any CPU.ActiveCfg = Debug|Any CPU
		{A2B057A9-3AF0-290C-04CB-0DEA41FB03BD}.Debug|Any CPU.Build.0 = Debug|Any CPU
		{A2B057A9-3AF0-290C-04CB-0DEA41FB03BD}.Release|Any CPU.ActiveCfg = Release|Any CPU
		{A2B057A9-3AF0-290C-04CB-0DEA41FB03BD}.Release|Any CPU.Build.0 = Release|Any CPU
		{E4EED7B6-B6C1-1CE3-47E2-6C5F6FDD3FD6}.Debug|Any CPU.ActiveCfg = Debug|Any CPU
		{E4EED7B6-B6C1-1CE3-47E2-6C5F6FDD3FD6}.Debug|Any CPU.Build.0 = Debug|Any CPU
		{E4EED7B6-B6C1-1CE3-47E2-6C5F6FDD3FD6}.Release|Any CPU.ActiveCfg = Release|Any CPU
		{E4EED7B6-B6C1-1CE3-47E2-6C5F6FDD3FD6}.Release|Any CPU.Build.0 = Release|Any CPU
		{43682334-2770-9CFF-8C02-CFBCE317E82A}.Debug|Any CPU.ActiveCfg = Debug|Any CPU
		{43682334-2770-9CFF-8C02-CFBCE317E82A}.Debug|Any CPU.Build.0 = Debug|Any CPU
		{43682334-2770-9CFF-8C02-CFBCE317E82A}.Release|Any CPU.ActiveCfg = Release|Any CPU
		{43682334-2770-9CFF-8C02-CFBCE317E82A}.Release|Any CPU.Build.0 = Release|Any CPU
		{45205BF4-DCB0-CA72-A344-18435A820031}.Debug|Any CPU.ActiveCfg = Debug|Any CPU
		{45205BF4-DCB0-CA72-A344-18435A820031}.Debug|Any CPU.Build.0 = Debug|Any CPU
		{45205BF4-DCB0-CA72-A344-18435A820031}.Release|Any CPU.ActiveCfg = Release|Any CPU
		{45205BF4-DCB0-CA72-A344-18435A820031}.Release|Any CPU.Build.0 = Release|Any CPU
		{AAEF8DEA-58F6-FAF7-5771-011670B49F4A}.Debug|Any CPU.ActiveCfg = Debug|Any CPU
		{AAEF8DEA-58F6-FAF7-5771-011670B49F4A}.Debug|Any CPU.Build.0 = Debug|Any CPU
		{AAEF8DEA-58F6-FAF7-5771-011670B49F4A}.Release|Any CPU.ActiveCfg = Release|Any CPU
		{AAEF8DEA-58F6-FAF7-5771-011670B49F4A}.Release|Any CPU.Build.0 = Release|Any CPU
		{64E506EC-0FDE-4A55-3316-2B38020783B5}.Debug|Any CPU.ActiveCfg = Debug|Any CPU
		{64E506EC-0FDE-4A55-3316-2B38020783B5}.Debug|Any CPU.Build.0 = Debug|Any CPU
		{64E506EC-0FDE-4A55-3316-2B38020783B5}.Release|Any CPU.ActiveCfg = Release|Any CPU
		{64E506EC-0FDE-4A55-3316-2B38020783B5}.Release|Any CPU.Build.0 = Release|Any CPU
		{FE47E6CD-4A4C-DF1D-B456-C73A0D4AC7D5}.Debug|Any CPU.ActiveCfg = Debug|Any CPU
		{FE47E6CD-4A4C-DF1D-B456-C73A0D4AC7D5}.Debug|Any CPU.Build.0 = Debug|Any CPU
		{FE47E6CD-4A4C-DF1D-B456-C73A0D4AC7D5}.Release|Any CPU.ActiveCfg = Release|Any CPU
		{FE47E6CD-4A4C-DF1D-B456-C73A0D4AC7D5}.Release|Any CPU.Build.0 = Release|Any CPU
		{C7C52F8E-E080-7DAB-B200-7A02F10298BA}.Debug|Any CPU.ActiveCfg = Debug|Any CPU
		{C7C52F8E-E080-7DAB-B200-7A02F10298BA}.Debug|Any CPU.Build.0 = Debug|Any CPU
		{C7C52F8E-E080-7DAB-B200-7A02F10298BA}.Release|Any CPU.ActiveCfg = Release|Any CPU
		{C7C52F8E-E080-7DAB-B200-7A02F10298BA}.Release|Any CPU.Build.0 = Release|Any CPU
		{7F7C7342-7F46-A0A4-E259-C052D63526F6}.Debug|Any CPU.ActiveCfg = Debug|Any CPU
		{7F7C7342-7F46-A0A4-E259-C052D63526F6}.Debug|Any CPU.Build.0 = Debug|Any CPU
		{7F7C7342-7F46-A0A4-E259-C052D63526F6}.Release|Any CPU.ActiveCfg = Release|Any CPU
		{7F7C7342-7F46-A0A4-E259-C052D63526F6}.Release|Any CPU.Build.0 = Release|Any CPU
		{702EE8F2-8F1B-BC6B-47A8-3D02A04F6276}.Debug|Any CPU.ActiveCfg = Debug|Any CPU
		{702EE8F2-8F1B-BC6B-47A8-3D02A04F6276}.Debug|Any CPU.Build.0 = Debug|Any CPU
		{702EE8F2-8F1B-BC6B-47A8-3D02A04F6276}.Release|Any CPU.ActiveCfg = Release|Any CPU
		{702EE8F2-8F1B-BC6B-47A8-3D02A04F6276}.Release|Any CPU.Build.0 = Release|Any CPU
		{75F9CF3D-3CB2-EB34-7FBD-96EC55D9544D}.Debug|Any CPU.ActiveCfg = Debug|Any CPU
		{75F9CF3D-3CB2-EB34-7FBD-96EC55D9544D}.Debug|Any CPU.Build.0 = Debug|Any CPU
		{75F9CF3D-3CB2-EB34-7FBD-96EC55D9544D}.Release|Any CPU.ActiveCfg = Release|Any CPU
		{75F9CF3D-3CB2-EB34-7FBD-96EC55D9544D}.Release|Any CPU.Build.0 = Release|Any CPU
		{214620D4-C5A1-CE49-5B1E-DF9854751539}.Debug|Any CPU.ActiveCfg = Debug|Any CPU
		{214620D4-C5A1-CE49-5B1E-DF9854751539}.Debug|Any CPU.Build.0 = Debug|Any CPU
		{214620D4-C5A1-CE49-5B1E-DF9854751539}.Release|Any CPU.ActiveCfg = Release|Any CPU
		{214620D4-C5A1-CE49-5B1E-DF9854751539}.Release|Any CPU.Build.0 = Release|Any CPU
		{4A8051D6-70FB-8595-BE52-36A3E768E573}.Debug|Any CPU.ActiveCfg = Debug|Any CPU
		{4A8051D6-70FB-8595-BE52-36A3E768E573}.Debug|Any CPU.Build.0 = Debug|Any CPU
		{4A8051D6-70FB-8595-BE52-36A3E768E573}.Release|Any CPU.ActiveCfg = Release|Any CPU
		{4A8051D6-70FB-8595-BE52-36A3E768E573}.Release|Any CPU.Build.0 = Release|Any CPU
		{B5578082-2A4D-1DAD-F359-AABC29F20E86}.Debug|Any CPU.ActiveCfg = Debug|Any CPU
		{B5578082-2A4D-1DAD-F359-AABC29F20E86}.Debug|Any CPU.Build.0 = Debug|Any CPU
		{B5578082-2A4D-1DAD-F359-AABC29F20E86}.Release|Any CPU.ActiveCfg = Release|Any CPU
		{B5578082-2A4D-1DAD-F359-AABC29F20E86}.Release|Any CPU.Build.0 = Release|Any CPU
		{447C64D1-B20E-047C-79B5-D0643BB00203}.Debug|Any CPU.ActiveCfg = Debug|Any CPU
		{447C64D1-B20E-047C-79B5-D0643BB00203}.Debug|Any CPU.Build.0 = Debug|Any CPU
		{447C64D1-B20E-047C-79B5-D0643BB00203}.Release|Any CPU.ActiveCfg = Release|Any CPU
		{447C64D1-B20E-047C-79B5-D0643BB00203}.Release|Any CPU.Build.0 = Release|Any CPU
		{CFEAA993-998E-CBE9-C8F7-A111D27B923A}.Debug|Any CPU.ActiveCfg = Debug|Any CPU
		{CFEAA993-998E-CBE9-C8F7-A111D27B923A}.Debug|Any CPU.Build.0 = Debug|Any CPU
		{CFEAA993-998E-CBE9-C8F7-A111D27B923A}.Release|Any CPU.ActiveCfg = Release|Any CPU
		{CFEAA993-998E-CBE9-C8F7-A111D27B923A}.Release|Any CPU.Build.0 = Release|Any CPU
		{6FB78172-CDE9-4C7A-7A4D-EF0AFF282385}.Debug|Any CPU.ActiveCfg = Debug|Any CPU
		{6FB78172-CDE9-4C7A-7A4D-EF0AFF282385}.Debug|Any CPU.Build.0 = Debug|Any CPU
		{6FB78172-CDE9-4C7A-7A4D-EF0AFF282385}.Release|Any CPU.ActiveCfg = Release|Any CPU
		{6FB78172-CDE9-4C7A-7A4D-EF0AFF282385}.Release|Any CPU.Build.0 = Release|Any CPU
		{4EA1969F-86BE-8366-3D62-FB36CEA3B721}.Debug|Any CPU.ActiveCfg = Debug|Any CPU
		{4EA1969F-86BE-8366-3D62-FB36CEA3B721}.Debug|Any CPU.Build.0 = Debug|Any CPU
		{4EA1969F-86BE-8366-3D62-FB36CEA3B721}.Release|Any CPU.ActiveCfg = Release|Any CPU
		{4EA1969F-86BE-8366-3D62-FB36CEA3B721}.Release|Any CPU.Build.0 = Release|Any CPU
		{06042EAE-90AC-4E74-97E6-5EAD985B7337}.Debug|Any CPU.ActiveCfg = Debug|Any CPU
		{06042EAE-90AC-4E74-97E6-5EAD985B7337}.Debug|Any CPU.Build.0 = Debug|Any CPU
		{06042EAE-90AC-4E74-97E6-5EAD985B7337}.Release|Any CPU.ActiveCfg = Release|Any CPU
		{06042EAE-90AC-4E74-97E6-5EAD985B7337}.Release|Any CPU.Build.0 = Release|Any CPU
		{2E5B926B-7DCD-26C6-A7E2-6D2474C01C0E}.Debug|Any CPU.ActiveCfg = Debug|Any CPU
		{2E5B926B-7DCD-26C6-A7E2-6D2474C01C0E}.Debug|Any CPU.Build.0 = Debug|Any CPU
		{2E5B926B-7DCD-26C6-A7E2-6D2474C01C0E}.Release|Any CPU.ActiveCfg = Release|Any CPU
		{2E5B926B-7DCD-26C6-A7E2-6D2474C01C0E}.Release|Any CPU.Build.0 = Release|Any CPU
		{2C7BCDCF-3805-EAF8-8B6F-3F1B28D36DF5}.Debug|Any CPU.ActiveCfg = Debug|Any CPU
		{2C7BCDCF-3805-EAF8-8B6F-3F1B28D36DF5}.Debug|Any CPU.Build.0 = Debug|Any CPU
		{2C7BCDCF-3805-EAF8-8B6F-3F1B28D36DF5}.Release|Any CPU.ActiveCfg = Release|Any CPU
		{2C7BCDCF-3805-EAF8-8B6F-3F1B28D36DF5}.Release|Any CPU.Build.0 = Release|Any CPU
		{8D4CBF3F-E948-C1C5-3708-DEA3AC3BAE79}.Debug|Any CPU.ActiveCfg = Debug|Any CPU
		{8D4CBF3F-E948-C1C5-3708-DEA3AC3BAE79}.Debug|Any CPU.Build.0 = Debug|Any CPU
		{8D4CBF3F-E948-C1C5-3708-DEA3AC3BAE79}.Release|Any CPU.ActiveCfg = Release|Any CPU
		{8D4CBF3F-E948-C1C5-3708-DEA3AC3BAE79}.Release|Any CPU.Build.0 = Release|Any CPU
		{EE483F8F-FCD7-B361-8621-D1E1FE75685D}.Debug|Any CPU.ActiveCfg = Debug|Any CPU
		{EE483F8F-FCD7-B361-8621-D1E1FE75685D}.Debug|Any CPU.Build.0 = Debug|Any CPU
		{EE483F8F-FCD7-B361-8621-D1E1FE75685D}.Release|Any CPU.ActiveCfg = Release|Any CPU
		{EE483F8F-FCD7-B361-8621-D1E1FE75685D}.Release|Any CPU.Build.0 = Release|Any CPU
		{F67AAAE1-28A4-F7A3-1694-C938DD88D856}.Debug|Any CPU.ActiveCfg = Debug|Any CPU
		{F67AAAE1-28A4-F7A3-1694-C938DD88D856}.Debug|Any CPU.Build.0 = Debug|Any CPU
		{F67AAAE1-28A4-F7A3-1694-C938DD88D856}.Release|Any CPU.ActiveCfg = Release|Any CPU
		{F67AAAE1-28A4-F7A3-1694-C938DD88D856}.Release|Any CPU.Build.0 = Release|Any CPU
		{0F530FF4-3C74-D9AB-53F4-70B4C68A1503}.Debug|Any CPU.ActiveCfg = Debug|Any CPU
		{0F530FF4-3C74-D9AB-53F4-70B4C68A1503}.Debug|Any CPU.Build.0 = Debug|Any CPU
		{0F530FF4-3C74-D9AB-53F4-70B4C68A1503}.Release|Any CPU.ActiveCfg = Release|Any CPU
		{0F530FF4-3C74-D9AB-53F4-70B4C68A1503}.Release|Any CPU.Build.0 = Release|Any CPU
		{B12A8683-FD11-51C6-35D1-8864F57F88FF}.Debug|Any CPU.ActiveCfg = Debug|Any CPU
		{B12A8683-FD11-51C6-35D1-8864F57F88FF}.Debug|Any CPU.Build.0 = Debug|Any CPU
		{B12A8683-FD11-51C6-35D1-8864F57F88FF}.Release|Any CPU.ActiveCfg = Release|Any CPU
		{B12A8683-FD11-51C6-35D1-8864F57F88FF}.Release|Any CPU.Build.0 = Release|Any CPU
		{744D28BB-2A68-5B30-3B00-29AF34A27810}.Debug|Any CPU.ActiveCfg = Debug|Any CPU
		{744D28BB-2A68-5B30-3B00-29AF34A27810}.Debug|Any CPU.Build.0 = Debug|Any CPU
		{744D28BB-2A68-5B30-3B00-29AF34A27810}.Release|Any CPU.ActiveCfg = Release|Any CPU
		{744D28BB-2A68-5B30-3B00-29AF34A27810}.Release|Any CPU.Build.0 = Release|Any CPU
		{0998D93B-444E-822F-B6BF-CF14153C1131}.Debug|Any CPU.ActiveCfg = Debug|Any CPU
		{0998D93B-444E-822F-B6BF-CF14153C1131}.Debug|Any CPU.Build.0 = Debug|Any CPU
		{0998D93B-444E-822F-B6BF-CF14153C1131}.Release|Any CPU.ActiveCfg = Release|Any CPU
		{0998D93B-444E-822F-B6BF-CF14153C1131}.Release|Any CPU.Build.0 = Release|Any CPU
		{9A5AEA12-DB4A-4D62-D9E7-F30A149D76C7}.Debug|Any CPU.ActiveCfg = Debug|Any CPU
		{9A5AEA12-DB4A-4D62-D9E7-F30A149D76C7}.Debug|Any CPU.Build.0 = Debug|Any CPU
		{9A5AEA12-DB4A-4D62-D9E7-F30A149D76C7}.Release|Any CPU.ActiveCfg = Release|Any CPU
		{9A5AEA12-DB4A-4D62-D9E7-F30A149D76C7}.Release|Any CPU.Build.0 = Release|Any CPU
	EndGlobalSection
	GlobalSection(SolutionProperties) = preSolution
		HideSolutionNode = FALSE
	EndGlobalSection
EndGlobal
